{
  "name": "yak",
  "lockfileVersion": 3,
  "requires": true,
  "packages": {
    "": {
      "name": "yak",
      "dependencies": {
        "@cloudflare/workers-oauth-provider": "0.10.3"
      }
    },
    "node_modules/@cloudflare/workers-oauth-provider": {
      "version": "0.10.3",
      "resolved": "https://registry.npmjs.org/@cloudflare/workers-oauth-provider/-/workers-oauth-provider-0.10.3.tgz",
      "integrity": "sha512-25ufMONJir9PllqVpK4GwOOoSFgpYm3+bM6NBedj7ufMCIfNf5jk4OI0LPuTJBaJgLl2lGCLqFqEPJXcSuPopQ==",
      "license": "MIT"
    }
  }
}
